{
  "name": "3d-model-tour-navigation",
  "lockfileVersion": 3,
  "requires": true,
  "packages": {
    "": {
      "dependencies": {
        "postprocessing": "^6.37.4",
        "three": "^0.177.0"
      }
    },
    "node_modules/postprocessing": {
      "version": "6.37.4",
      "resolved": "https://registry.npmjs.org/postprocessing/-/postprocessing-6.37.4.tgz",
      "integrity": "sha512-O4dv29MDRSjXgMF1Luz3YHlT7NawKIliCfO2OgUCtIMTLNMCg+v0RLuT9/LQSDtVNXxUHGyy3mucbF3UePcElA==",
      "license": "Zlib",
      "peerDependencies": {
        "three": ">= 0.157.0 < 0.178.0"
      }
    },
    "node_modules/three": {
      "version": "0.177.0",
      "resolved": "https://registry.npmjs.org/three/-/three-0.177.0.tgz",
      "integrity": "sha512-EiXv5/qWAaGI+Vz2A+JfavwYCMdGjxVsrn3oBwllUoqYeaBO75J63ZfyaQKoiLrqNHoTlUc6PFgMXnS0kI45zg==",
      "license": "MIT"
    }
  }
}
